
Microsoft Visual Studio Solution File, Format Version 12.00
# Visual Studio 15
VisualStudioVersion = 15.0.27130.2010
MinimumVisualStudioVersion = 10.0.40219.1
Project("{FAE04EC0-301F-11D3-BF4B-00C04F79EFBC}") = "SongBot", "SongBot\SongBot.csproj", "{6C604CF2-07B2-43A4-A163-9F7D29FB15F6}"
EndProject
Project("{D954291E-2A0B-460D-934E-DC6B0785DB48}") = "SongBot.Rpg.Data", "SongBot.Rpg.Data\SongBot.Rpg.Data.shproj", "{CBE7987C-62D1-4913-BAD8-3AA596FCBE0C}"
EndProject
Global
	GlobalSection(SharedMSBuildProjectFiles) = preSolution
		SongBot.Rpg.Data\SongBot.Rpg.Data.projitems*{6c604cf2-07b2-43a4-a163-9f7d29fb15f6}*SharedItemsImports = 4
		SongBot.Rpg.Data\SongBot.Rpg.Data.projitems*{cbe7987c-62d1-4913-bad8-3aa596fcbe0c}*SharedItemsImports = 13
	EndGlobalSection
	GlobalSection(SolutionConfigurationPlatforms) = preSolution
		Debug|Any CPU = Debug|Any CPU
		Release|Any CPU = Release|Any CPU
	EndGlobalSection
	GlobalSection(ProjectConfigurationPlatforms) = postSolution
		{6C604CF2-07B2-43A4-A163-9F7D29FB15F6}.Debug|Any CPU.ActiveCfg = Debug|Any CPU
		{6C604CF2-07B2-43A4-A163-9F7D29FB15F6}.Debug|Any CPU.Build.0 = Debug|Any CPU
		{6C604CF2-07B2-43A4-A163-9F7D29FB15F6}.Release|Any CPU.ActiveCfg = Release|Any CPU
		{6C604CF2-07B2-43A4-A163-9F7D29FB15F6}.Release|Any CPU.Build.0 = Release|Any CPU
	EndGlobalSection
	GlobalSection(SolutionProperties) = preSolution
		HideSolutionNode = FALSE
	EndGlobalSection
	GlobalSection(ExtensibilityGlobals) = postSolution
		SolutionGuid = {650EE97C-6FCC-4A35-8363-5F62E9C2DBDD}
	EndGlobalSection
EndGlobal
